
Microsoft Visual Studio Solution File, Format Version 12.00
# Visual Studio Version 16
VisualStudioVersion = 16.0.33801.447
MinimumVisualStudioVersion = 10.0.40219.1
Project("{FAE04EC0-301F-11D3-BF4B-00C04F79EFBC}") = "ConsoleApp5", "ConsoleApp5\ConsoleApp5.csproj", "{589ED975-4036-484B-9DD4-E5257B611063}"
EndProject
Global
	GlobalSection(SolutionConfigurationPlatforms) = preSolution
		Debug|Any CPU = Debug|Any CPU
		Release|Any CPU = Release|Any CPU
	EndGlobalSection
	GlobalSection(ProjectConfigurationPlatforms) = postSolution
		{589ED975-4036-484B-9DD4-E5257B611063}.Debug|Any CPU.ActiveCfg = Debug|Any CPU
		{589ED975-4036-484B-9DD4-E5257B611063}.Debug|Any CPU.Build.0 = Debug|Any CPU
		{589ED975-4036-484B-9DD4-E5257B611063}.Release|Any CPU.ActiveCfg = Release|Any CPU
		{589ED975-4036-484B-9DD4-E5257B611063}.Release|Any CPU.Build.0 = Release|Any CPU
	EndGlobalSection
	GlobalSection(SolutionProperties) = preSolution
		HideSolutionNode = FALSE
	EndGlobalSection
	GlobalSection(ExtensibilityGlobals) = postSolution
		SolutionGuid = {D382347B-868C-40BC-A432-91ABA4D0FEA6}
	EndGlobalSection
EndGlobal
